
Microsoft Visual Studio Solution File, Format Version 12.00
# Visual Studio Version 17
VisualStudioVersion = 17.4.33205.214
MinimumVisualStudioVersion = 10.0.40219.1
Project("{FAE04EC0-301F-11D3-BF4B-00C04F79EFBC}") = "JSONWebtokenSecurityAPI", "JSONWebtokenSecurityAPI\JSONWebtokenSecurityAPI.csproj", "{BF079A1F-1A29-4C64-BE4D-32F21453C59E}"
EndProject
Global
	GlobalSection(SolutionConfigurationPlatforms) = preSolution
		Debug|Any CPU = Debug|Any CPU
		Release|Any CPU = Release|Any CPU
	EndGlobalSection
	GlobalSection(ProjectConfigurationPlatforms) = postSolution
		{BF079A1F-1A29-4C64-BE4D-32F21453C59E}.Debug|Any CPU.ActiveCfg = Debug|Any CPU
		{BF079A1F-1A29-4C64-BE4D-32F21453C59E}.Debug|Any CPU.Build.0 = Debug|Any CPU
		{BF079A1F-1A29-4C64-BE4D-32F21453C59E}.Release|Any CPU.ActiveCfg = Release|Any CPU
		{BF079A1F-1A29-4C64-BE4D-32F21453C59E}.Release|Any CPU.Build.0 = Release|Any CPU
	EndGlobalSection
	GlobalSection(SolutionProperties) = preSolution
		HideSolutionNode = FALSE
	EndGlobalSection
	GlobalSection(ExtensibilityGlobals) = postSolution
		SolutionGuid = {A134C422-79C6-4EE5-A2D8-119B3EDE351D}
	EndGlobalSection
EndGlobal
